// !$*UTF8*$!
{
	archiveVersion = 1;
	classes = {
	};
	objectVersion = 55;
	objects = {

/* Begin PBXBuildFile section */
		F27DDC0A270B627D00A9A34F /* DishesModel.swift in Sources */ = {isa = PBXBuildFile; fileRef = F27DDC09270B627D00A9A34F /* DishesModel.swift */; };
		F27DDC0C270B662F00A9A34F /* DishesData.swift in Sources */ = {isa = PBXBuildFile; fileRef = F27DDC0B270B662F00A9A34F /* DishesData.swift */; };
		F28343B527075D81002DB449 /* IngredientsViewController.swift in Sources */ = {isa = PBXBuildFile; fileRef = F28343B427075D81002DB449 /* IngredientsViewController.swift */; };
		F2BF1CC9270626D0008FEE4C /* TableViewCell.swift in Sources */ = {isa = PBXBuildFile; fileRef = F2BF1CC8270626D0008FEE4C /* TableViewCell.swift */; };
		F2D9D24C2706194C005F8FCE /* AppDelegate.swift in Sources */ = {isa = PBXBuildFile; fileRef = F2D9D24B2706194C005F8FCE /* AppDelegate.swift */; };
		F2D9D24E2706194C005F8FCE /* SceneDelegate.swift in Sources */ = {isa = PBXBuildFile; fileRef = F2D9D24D2706194C005F8FCE /* SceneDelegate.swift */; };
		F2D9D2532706194C005F8FCE /* Main.storyboard in Resources */ = {isa = PBXBuildFile; fileRef = F2D9D2512706194C005F8FCE /* Main.storyboard */; };
		F2D9D2552706194E005F8FCE /* Assets.xcassets in Resources */ = {isa = PBXBuildFile; fileRef = F2D9D2542706194E005F8FCE /* Assets.xcassets */; };
		F2D9D2582706194E005F8FCE /* LaunchScreen.storyboard in Resources */ = {isa = PBXBuildFile; fileRef = F2D9D2562706194E005F8FCE /* LaunchScreen.storyboard */; };
		F2D9D26027061A84005F8FCE /* DishesViewController.swift in Sources */ = {isa = PBXBuildFile; fileRef = F2D9D25F27061A84005F8FCE /* DishesViewController.swift */; };
/* End PBXBuildFile section */

/* Begin PBXFileReference section */
		F27DDC09270B627D00A9A34F /* DishesModel.swift */ = {isa = PBXFileReference; lastKnownFileType = sourcecode.swift; path = DishesModel.swift; sourceTree = "<group>"; };
		F27DDC0B270B662F00A9A34F /* DishesData.swift */ = {isa = PBXFileReference; lastKnownFileType = sourcecode.swift; path = DishesData.swift; sourceTree = "<group>"; };
		F28343B427075D81002DB449 /* IngredientsViewController.swift */ = {isa = PBXFileReference; lastKnownFileType = sourcecode.swift; path = IngredientsViewController.swift; sourceTree = "<group>"; };
		F2BF1CC8270626D0008FEE4C /* TableViewCell.swift */ = {isa = PBXFileReference; lastKnownFileType = sourcecode.swift; path = TableViewCell.swift; sourceTree = "<group>"; };
		F2D9D2482706194C005F8FCE /* HomeWork5_L6_Cooking.app */ = {isa = PBXFileReference; explicitFileType = wrapper.application; includeInIndex = 0; path = HomeWork5_L6_Cooking.app; sourceTree = BUILT_PRODUCTS_DIR; };
		F2D9D24B2706194C005F8FCE /* AppDelegate.swift */ = {isa = PBXFileReference; lastKnownFileType = sourcecode.swift; path = AppDelegate.swift; sourceTree = "<group>"; };
		F2D9D24D2706194C005F8FCE /* SceneDelegate.swift */ = {isa = PBXFileReference; lastKnownFileType = sourcecode.swift; path = SceneDelegate.swift; sourceTree = "<group>"; };
		F2D9D2522706194C005F8FCE /* Base */ = {isa = PBXFileReference; lastKnownFileType = file.storyboard; name = Base; path = Base.lproj/Main.storyboard; sourceTree = "<group>"; };
		F2D9D2542706194E005F8FCE /* Assets.xcassets */ = {isa = PBXFileReference; lastKnownFileType = folder.assetcatalog; path = Assets.xcassets; sourceTree = "<group>"; };
		F2D9D2572706194E005F8FCE /* Base */ = {isa = PBXFileReference; lastKnownFileType = file.storyboard; name = Base; path = Base.lproj/LaunchScreen.storyboard; sourceTree = "<group>"; };
		F2D9D2592706194E005F8FCE /* Info.plist */ = {isa = PBXFileReference; lastKnownFileType = text.plist.xml; path = Info.plist; sourceTree = "<group>"; };
		F2D9D25F27061A84005F8FCE /* DishesViewController.swift */ = {isa = PBXFileReference; lastKnownFileType = sourcecode.swift; path = DishesViewController.swift; sourceTree = "<group>"; };
/* End PBXFileReference section */

/* Begin PBXFrameworksBuildPhase section */
		F2D9D2452706194C005F8FCE /* Frameworks */ = {
			isa = PBXFrameworksBuildPhase;
			buildActionMask = 2147483647;
			files = (
			);
			runOnlyForDeploymentPostprocessing = 0;
		};
/* End PBXFrameworksBuildPhase section */

/* Begin PBXGroup section */
		F28343B627088B32002DB449 /* Controllers */ = {
			isa = PBXGroup;
			children = (
				F2BF1CC8270626D0008FEE4C /* TableViewCell.swift */,
				F2D9D25F27061A84005F8FCE /* DishesViewController.swift */,
				F28343B427075D81002DB449 /* IngredientsViewController.swift */,
			);
			path = Controllers;
			sourceTree = "<group>";
		};
		F28343B727088B36002DB449 /* Views */ = {
			isa = PBXGroup;
			children = (
				F2D9D2512706194C005F8FCE /* Main.storyboard */,
				F2D9D2562706194E005F8FCE /* LaunchScreen.storyboard */,
			);
			path = Views;
			sourceTree = "<group>";
		};
		F28343B827088B39002DB449 /* Model */ = {
			isa = PBXGroup;
			children = (
				F27DDC09270B627D00A9A34F /* DishesModel.swift */,
				F27DDC0B270B662F00A9A34F /* DishesData.swift */,
			);
			path = Model;
			sourceTree = "<group>";
		};
		F2D9D23F2706194C005F8FCE = {
			isa = PBXGroup;
			children = (
				F2D9D24A2706194C005F8FCE /* HomeWork5_L6_Cooking */,
				F2D9D2492706194C005F8FCE /* Products */,
			);
			sourceTree = "<group>";
		};
		F2D9D2492706194C005F8FCE /* Products */ = {
			isa = PBXGroup;
			children = (
				F2D9D2482706194C005F8FCE /* HomeWork5_L6_Cooking.app */,
			);
			name = Products;
			sourceTree = "<group>";
		};
		F2D9D24A2706194C005F8FCE /* HomeWork5_L6_Cooking */ = {
			isa = PBXGroup;
			children = (
				F28343B827088B39002DB449 /* Model */,
				F28343B727088B36002DB449 /* Views */,
				F28343B627088B32002DB449 /* Controllers */,
				F2D9D24B2706194C005F8FCE /* AppDelegate.swift */,
				F2D9D24D2706194C005F8FCE /* SceneDelegate.swift */,
				F2D9D2542706194E005F8FCE /* Assets.xcassets */,
				F2D9D2592706194E005F8FCE /* Info.plist */,
			);
			path = HomeWork5_L6_Cooking;
			sourceTree = "<group>";
		};
/* End PBXGroup section */

/* Begin PBXNativeTarget section */
		F2D9D2472706194C005F8FCE /* HomeWork5_L6_Cooking */ = {
			isa = PBXNativeTarget;
			buildConfigurationList = F2D9D25C2706194E005F8FCE /* Build configuration list for PBXNativeTarget "HomeWork5_L6_Cooking" */;
			buildPhases = (
				F2D9D2442706194C005F8FCE /* Sources */,
				F2D9D2452706194C005F8FCE /* Frameworks */,
				F2D9D2462706194C005F8FCE /* Resources */,
			);
			buildRules = (
			);
			dependencies = (
			);
			name = HomeWork5_L6_Cooking;
			productName = HomeWork5_L6_Cooking;
			productReference = F2D9D2482706194C005F8FCE /* HomeWork5_L6_Cooking.app */;
			productType = "com.apple.product-type.application";
		};
/* End PBXNativeTarget section */

/* Begin PBXProject section */
		F2D9D2402706194C005F8FCE /* Project object */ = {
			isa = PBXProject;
			attributes = {
				BuildIndependentTargetsInParallel = 1;
				LastSwiftUpdateCheck = 1300;
				LastUpgradeCheck = 1300;
				TargetAttributes = {
					F2D9D2472706194C005F8FCE = {
						CreatedOnToolsVersion = 13.0;
					};
				};
			};
			buildConfigurationList = F2D9D2432706194C005F8FCE /* Build configuration list for PBXProject "HomeWork5_L6_Cooking" */;
			compatibilityVersion = "Xcode 13.0";
			developmentRegion = en;
			hasScannedForEncodings = 0;
			knownRegions = (
				en,
				Base,
			);
			mainGroup = F2D9D23F2706194C005F8FCE;
			productRefGroup = F2D9D2492706194C005F8FCE /* Products */;
			projectDirPath = "";
			projectRoot = "";
			targets = (
				F2D9D2472706194C005F8FCE /* HomeWork5_L6_Cooking */,
			);
		};
/* End PBXProject section */

/* Begin PBXResourcesBuildPhase section */
		F2D9D2462706194C005F8FCE /* Resources */ = {
			isa = PBXResourcesBuildPhase;
			buildActionMask = 2147483647;
			files = (
				F2D9D2582706194E005F8FCE /* LaunchScreen.storyboard in Resources */,
				F2D9D2552706194E005F8FCE /* Assets.xcassets in Resources */,
				F2D9D2532706194C005F8FCE /* Main.storyboard in Resources */,
			);
			runOnlyForDeploymentPostprocessing = 0;
		};
/* End PBXResourcesBuildPhase section */

/* Begin PBXSourcesBuildPhase section */
		F2D9D2442706194C005F8FCE /* Sources */ = {
			isa = PBXSourcesBuildPhase;
			buildActionMask = 2147483647;
			files = (
				F2BF1CC9270626D0008FEE4C /* TableViewCell.swift in Sources */,
				F2D9D26027061A84005F8FCE /* DishesViewController.swift in Sources */,
				F28343B527075D81002DB449 /* IngredientsViewController.swift in Sources */,
				F27DDC0C270B662F00A9A34F /* DishesData.swift in Sources */,
				F2D9D24C2706194C005F8FCE /* AppDelegate.swift in Sources */,
				F2D9D24E2706194C005F8FCE /* SceneDelegate.swift in Sources */,
				F27DDC0A270B627D00A9A34F /* DishesModel.swift in Sources */,
			);
			runOnlyForDeploymentPostprocessing = 0;
		};
/* End PBXSourcesBuildPhase section */

/* Begin PBXVariantGroup section */
		F2D9D2512706194C005F8FCE /* Main.storyboard */ = {
			isa = PBXVariantGroup;
			children = (
				F2D9D2522706194C005F8FCE /* Base */,
			);
			name = Main.storyboard;
			sourceTree = "<group>";
		};
		F2D9D2562706194E005F8FCE /* LaunchScreen.storyboard */ = {
			isa = PBXVariantGroup;
			children = (
				F2D9D2572706194E005F8FCE /* Base */,
			);
			name = LaunchScreen.storyboard;
			sourceTree = "<group>";
		};
/* End PBXVariantGroup section */

/* Begin XCBuildConfiguration section */
		F2D9D25A2706194E005F8FCE /* Debug */ = {
			isa = XCBuildConfiguration;
			buildSettings = {
				ALWAYS_SEARCH_USER_PATHS = NO;
				CLANG_ANALYZER_NONNULL = YES;
				CLANG_ANALYZER_NUMBER_OBJECT_CONVERSION = YES_AGGRESSIVE;
				CLANG_CXX_LANGUAGE_STANDARD = "gnu++17";
				CLANG_CXX_LIBRARY = "libc++";
				CLANG_ENABLE_MODULES = YES;
				CLANG_ENABLE_OBJC_ARC = YES;
				CLANG_ENABLE_OBJC_WEAK = YES;
				CLANG_WARN_BLOCK_CAPTURE_AUTORELEASING = YES;
				CLANG_WARN_BOOL_CONVERSION = YES;
				CLANG_WARN_COMMA = YES;
				CLANG_WARN_CONSTANT_CONVERSION = YES;
				CLANG_WARN_DEPRECATED_OBJC_IMPLEMENTATIONS = YES;
				CLANG_WARN_DIRECT_OBJC_ISA_USAGE = YES_ERROR;
				CLANG_WARN_DOCUMENTATION_COMMENTS = YES;
				CLANG_WARN_EMPTY_BODY = YES;
				CLANG_WARN_ENUM_CONVERSION = YES;
				CLANG_WARN_INFINITE_RECURSION = YES;
				CLANG_WARN_INT_CONVERSION = YES;
				CLANG_WARN_NON_LITERAL_NULL_CONVERSION = YES;
				CLANG_WARN_OBJC_IMPLICIT_RETAIN_SELF = YES;
				CLANG_WARN_OBJC_LITERAL_CONVERSION = YES;
				CLANG_WARN_OBJC_ROOT_CLASS = YES_ERROR;
				CLANG_WARN_QUOTED_INCLUDE_IN_FRAMEWORK_HEADER = YES;
				CLANG_WARN_RANGE_LOOP_ANALYSIS = YES;
				CLANG_WARN_STRICT_PROTOTYPES = YES;
				CLANG_WARN_SUSPICIOUS_MOVE = YES;
				CLANG_WARN_UNGUARDED_AVAILABILITY = YES_AGGRESSIVE;
				CLANG_WARN_UNREACHABLE_CODE = YES;
				CLANG_WARN__DUPLICATE_METHOD_MATCH = YES;
				COPY_PHASE_STRIP = NO;
				DEBUG_INFORMATION_FORMAT = dwarf;
				ENABLE_STRICT_OBJC_MSGSEND = YES;
				ENABLE_TESTABILITY = YES;
				GCC_C_LANGUAGE_STANDARD = gnu11;
				GCC_DYNAMIC_NO_PIC = NO;
				GCC_NO_COMMON_BLOCKS = YES;
				GCC_OPTIMIZATION_LEVEL = 0;
				GCC_PREPROCESSOR_DEFINITIONS = (
					"DEBUG=1",
					"$(inherited)",
				);
				GCC_WARN_64_TO_32_BIT_CONVERSION = YES;
				GCC_WARN_ABOUT_RETURN_TYPE = YES_ERROR;
				GCC_WARN_UNDECLARED_SELECTOR = YES;
				GCC_WARN_UNINITIALIZED_AUTOS = YES_AGGRESSIVE;
				GCC_WARN_UNUSED_FUNCTION = YES;
				GCC_WARN_UNUSED_VARIABLE = YES;
				IPHONEOS_DEPLOYMENT_TARGET = 15.0;
				MTL_ENABLE_DEBUG_INFO = INCLUDE_SOURCE;
				MTL_FAST_MATH = YES;
				ONLY_ACTIVE_ARCH = YES;
				SDKROOT = iphoneos;
				SWIFT_ACTIVE_COMPILATION_CONDITIONS = DEBUG;
				SWIFT_OPTIMIZATION_LEVEL = "-Onone";
			};
			name = Debug;
		};
		F2D9D25B2706194E005F8FCE /* Release */ = {
			isa = XCBuildConfiguration;
			buildSettings = {
				ALWAYS_SEARCH_USER_PATHS = NO;
				CLANG_ANALYZER_NONNULL = YES;
				CLANG_ANALYZER_NUMBER_OBJECT_CONVERSION = YES_AGGRESSIVE;
				CLANG_CXX_LANGUAGE_STANDARD = "gnu++17";
				CLANG_CXX_LIBRARY = "libc++";
				CLANG_ENABLE_MODULES = YES;
				CLANG_ENABLE_OBJC_ARC = YES;
				CLANG_ENABLE_OBJC_WEAK = YES;
				CLANG_WARN_BLOCK_CAPTURE_AUTORELEASING = YES;
				CLANG_WARN_BOOL_CONVERSION = YES;
				CLANG_WARN_COMMA = YES;
				CLANG_WARN_CONSTANT_CONVERSION = YES;
				CLANG_WARN_DEPRECATED_OBJC_IMPLEMENTATIONS = YES;
				CLANG_WARN_DIRECT_OBJC_ISA_USAGE = YES_ERROR;
				CLANG_WARN_DOCUMENTATION_COMMENTS = YES;
				CLANG_WARN_EMPTY_BODY = YES;
				CLANG_WARN_ENUM_CONVERSION = YES;
				CLANG_WARN_INFINITE_RECURSION = YES;
				CLANG_WARN_INT_CONVERSION = YES;
				CLANG_WARN_NON_LITERAL_NULL_CONVERSION = YES;
				CLANG_WARN_OBJC_IMPLICIT_RETAIN_SELF = YES;
				CLANG_WARN_OBJC_LITERAL_CONVERSION = YES;
				CLANG_WARN_OBJC_ROOT_CLASS = YES_ERROR;
				CLANG_WARN_QUOTED_INCLUDE_IN_FRAMEWORK_HEADER = YES;
				CLANG_WARN_RANGE_LOOP_ANALYSIS = YES;
				CLANG_WARN_STRICT_PROTOTYPES = YES;
				CLANG_WARN_SUSPICIOUS_MOVE = YES;
				CLANG_WARN_UNGUARDED_AVAILABILITY = YES_AGGRESSIVE;
				CLANG_WARN_UNREACHABLE_CODE = YES;
				CLANG_WARN__DUPLICATE_METHOD_MATCH = YES;
				COPY_PHASE_STRIP = NO;
				DEBUG_INFORMATION_FORMAT = "dwarf-with-dsym";
				ENABLE_NS_ASSERTIONS = NO;
				ENABLE_STRICT_OBJC_MSGSEND = YES;
				GCC_C_LANGUAGE_STANDARD = gnu11;
				GCC_NO_COMMON_BLOCKS = YES;
				GCC_WARN_64_TO_32_BIT_CONVERSION = YES;
				GCC_WARN_ABOUT_RETURN_TYPE = YES_ERROR;
				GCC_WARN_UNDECLARED_SELECTOR = YES;
				GCC_WARN_UNINITIALIZED_AUTOS = YES_AGGRESSIVE;
				GCC_WARN_UNUSED_FUNCTION = YES;
				GCC_WARN_UNUSED_VARIABLE = YES;
				IPHONEOS_DEPLOYMENT_TARGET = 15.0;
				MTL_ENABLE_DEBUG_INFO = NO;
				MTL_FAST_MATH = YES;
				SDKROOT = iphoneos;
				SWIFT_COMPILATION_MODE = wholemodule;
				SWIFT_OPTIMIZATION_LEVEL = "-O";
				VALIDATE_PRODUCT = YES;
			};
			name = Release;
		};
		F2D9D25D2706194E005F8FCE /* Debug */ = {
			isa = XCBuildConfiguration;
			buildSettings = {
				ASSETCATALOG_COMPILER_APPICON_NAME = AppIcon;
				ASSETCATALOG_COMPILER_GLOBAL_ACCENT_COLOR_NAME = AccentColor;
				CODE_SIGN_STYLE = Automatic;
				CURRENT_PROJECT_VERSION = 1;
				DEVELOPMENT_TEAM = 9Q6AD869SR;
				GENERATE_INFOPLIST_FILE = YES;
				INFOPLIST_FILE = HomeWork5_L6_Cooking/Info.plist;
				INFOPLIST_KEY_UIApplicationSupportsIndirectInputEvents = YES;
				INFOPLIST_KEY_UILaunchStoryboardName = LaunchScreen;
				INFOPLIST_KEY_UIMainStoryboardFile = Main;
				INFOPLIST_KEY_UISupportedInterfaceOrientations_iPad = "UIInterfaceOrientationPortrait UIInterfaceOrientationPortraitUpsideDown UIInterfaceOrientationLandscapeLeft UIInterfaceOrientationLandscapeRight";
				INFOPLIST_KEY_UISupportedInterfaceOrientations_iPhone = "UIInterfaceOrientationPortrait UIInterfaceOrientationLandscapeLeft UIInterfaceOrientationLandscapeRight";
				LD_RUNPATH_SEARCH_PATHS = (
					"$(inherited)",
					"@executable_path/Frameworks",
				);
				MARKETING_VERSION = 1.0;
				PRODUCT_BUNDLE_IDENTIFIER = "com.uponex.HomeWork5-L6-Cooking";
				PRODUCT_NAME = "$(TARGET_NAME)";
				SWIFT_EMIT_LOC_STRINGS = YES;
				SWIFT_VERSION = 5.0;
				TARGETED_DEVICE_FAMILY = "1,2";
			};
			name = Debug;
		};
		F2D9D25E2706194E005F8FCE /* Release */ = {
			isa = XCBuildConfiguration;
			buildSettings = {
				ASSETCATALOG_COMPILER_APPICON_NAME = AppIcon;
				ASSETCATALOG_COMPILER_GLOBAL_ACCENT_COLOR_NAME = AccentColor;
				CODE_SIGN_STYLE = Automatic;
				CURRENT_PROJECT_VERSION = 1;
				DEVELOPMENT_TEAM = 9Q6AD869SR;
				GENERATE_INFOPLIST_FILE = YES;
				INFOPLIST_FILE = HomeWork5_L6_Cooking/Info.plist;
				INFOPLIST_KEY_UIApplicationSupportsIndirectInputEvents = YES;
				INFOPLIST_KEY_UILaunchStoryboardName = LaunchScreen;
				INFOPLIST_KEY_UIMainStoryboardFile = Main;
				INFOPLIST_KEY_UISupportedInterfaceOrientations_iPad = "UIInterfaceOrientationPortrait UIInterfaceOrientationPortraitUpsideDown UIInterfaceOrientationLandscapeLeft UIInterfaceOrientationLandscapeRight";
				INFOPLIST_KEY_UISupportedInterfaceOrientations_iPhone = "UIInterfaceOrientationPortrait UIInterfaceOrientationLandscapeLeft UIInterfaceOrientationLandscapeRight";
				LD_RUNPATH_SEARCH_PATHS = (
					"$(inherited)",
					"@executable_path/Frameworks",
				);
				MARKETING_VERSION = 1.0;
				PRODUCT_BUNDLE_IDENTIFIER = "com.uponex.HomeWork5-L6-Cooking";
				PRODUCT_NAME = "$(TARGET_NAME)";
				SWIFT_EMIT_LOC_STRINGS = YES;
				SWIFT_VERSION = 5.0;
				TARGETED_DEVICE_FAMILY = "1,2";
			};
			name = Release;
		};
/* End XCBuildConfiguration section */

/* Begin XCConfigurationList section */
		F2D9D2432706194C005F8FCE /* Build configuration list for PBXProject "HomeWork5_L6_Cooking" */ = {
			isa = XCConfigurationList;
			buildConfigurations = (
				F2D9D25A2706194E005F8FCE /* Debug */,
				F2D9D25B2706194E005F8FCE /* Release */,
			);
			defaultConfigurationIsVisible = 0;
			defaultConfigurationName = Release;
		};
		F2D9D25C2706194E005F8FCE /* Build configuration list for PBXNativeTarget "HomeWork5_L6_Cooking" */ = {
			isa = XCConfigurationList;
			buildConfigurations = (
				F2D9D25D2706194E005F8FCE /* Debug */,
				F2D9D25E2706194E005F8FCE /* Release */,
			);
			defaultConfigurationIsVisible = 0;
			defaultConfigurationName = Release;
		};
/* End XCConfigurationList section */
	};
	rootObject = F2D9D2402706194C005F8FCE /* Project object */;
}
